
Microsoft Visual Studio Solution File, Format Version 12.00
# Visual Studio Version 17
VisualStudioVersion = 17.5.002.0
MinimumVisualStudioVersion = 10.0.40219.1
Project("{9A19103F-16F7-4668-BE54-9A1E7A4F7556}") = "MenuGeometry2", "MenuGeometry2.csproj", "{4ED142C9-FA3B-48F9-BBF8-85C394B25A42}"
EndProject
Global
	GlobalSection(SolutionConfigurationPlatforms) = preSolution
		Debug|Any CPU = Debug|Any CPU
		Release|Any CPU = Release|Any CPU
	EndGlobalSection
	GlobalSection(ProjectConfigurationPlatforms) = postSolution
		{4ED142C9-FA3B-48F9-BBF8-85C394B25A42}.Debug|Any CPU.ActiveCfg = Debug|Any CPU
		{4ED142C9-FA3B-48F9-BBF8-85C394B25A42}.Debug|Any CPU.Build.0 = Debug|Any CPU
		{4ED142C9-FA3B-48F9-BBF8-85C394B25A42}.Release|Any CPU.ActiveCfg = Release|Any CPU
		{4ED142C9-FA3B-48F9-BBF8-85C394B25A42}.Release|Any CPU.Build.0 = Release|Any CPU
	EndGlobalSection
	GlobalSection(SolutionProperties) = preSolution
		HideSolutionNode = FALSE
	EndGlobalSection
	GlobalSection(ExtensibilityGlobals) = postSolution
		SolutionGuid = {40966855-7AA3-4411-A9A1-0BCB6F0555D0}
	EndGlobalSection
EndGlobal
